# -------------------------------------------------------------------------- #
#
# Copyright (C) 1991-2009 Altera Corporation
# Your use of Altera Corporation's design tools, logic functions 
# and other software and tools, and its AMPP partner logic 
# functions, and any output files from any of the foregoing 
# (including device programming or simulation files), and any 
# associated documentation or information are expressly subject 
# to the terms and conditions of the Altera Program License 
# Subscription Agreement, Altera MegaCore Function License 
# Agreement, or other applicable license agreement, including, 
# without limitation, that your use is for the sole purpose of 
# programming logic devices manufactured by Altera and sold by 
# Altera or its authorized distributors.  Please refer to the 
# applicable agreement for further details.
#
# -------------------------------------------------------------------------- #
#
# Quartus II
# Version 9.0 Build 184 04/29/2009 Service Pack 1 SJ Web Edition
# Date created = 20:32:22  April 24, 2011
#
# -------------------------------------------------------------------------- #
#
# Notes:
#
# 1) The default values for assignments are stored in the file:
#		fampiga_top_assignment_defaults.qdf
#    If this file doesn't exist, see file:
#		assignment_defaults.qdf
#
# 2) Altera recommends that you do not modify this file. This
#    file is updated automatically by the Quartus II software
#    and any changes you make may be lost or overwritten.
#
# -------------------------------------------------------------------------- #


set_global_assignment -name FAMILY "Cyclone III"
set_global_assignment -name DEVICE EP3C25E144C8
set_global_assignment -name TOP_LEVEL_ENTITY fampiga_top
set_global_assignment -name ORIGINAL_QUARTUS_VERSION "9.0 SP1"
set_global_assignment -name PROJECT_CREATION_TIME_DATE "20:32:22  APRIL 24, 2011"
set_global_assignment -name LAST_QUARTUS_VERSION "11.1 SP1"
set_global_assignment -name USE_GENERATED_PHYSICAL_CONSTRAINTS OFF -section_id eda_blast_fpga
set_global_assignment -name DEVICE_FILTER_PIN_COUNT 144
set_global_assignment -name DEVICE_FILTER_SPEED_GRADE 8

set_location_assignment PIN_111 -to red[0]
set_location_assignment PIN_110 -to red[1]
set_location_assignment PIN_106 -to red[2]
set_location_assignment PIN_105 -to red[3]
set_location_assignment PIN_104 -to red[4]
set_location_assignment PIN_103 -to grn[0]
set_location_assignment PIN_101 -to grn[1]
set_location_assignment PIN_100 -to grn[2]
set_location_assignment PIN_99 -to grn[3]
set_location_assignment PIN_98 -to grn[4]
set_location_assignment PIN_112 -to blu[0]
set_location_assignment PIN_133 -to blu[1]
set_location_assignment PIN_135 -to blu[2]
set_location_assignment PIN_136 -to blu[3]
set_location_assignment PIN_137 -to blu[4]
set_location_assignment PIN_44 -to sd_clk
set_location_assignment PIN_42 -to sd_addr[12]
set_location_assignment PIN_33 -to sd_addr[11]
set_location_assignment PIN_144 -to sd_addr[10]
set_location_assignment PIN_31 -to sd_addr[9]
set_location_assignment PIN_28 -to sd_addr[8]
set_location_assignment PIN_11 -to sd_addr[7]
set_location_assignment PIN_10 -to sd_addr[6]
set_location_assignment PIN_8 -to sd_addr[5]
set_location_assignment PIN_7 -to sd_addr[4]
set_location_assignment PIN_30 -to sd_addr[3]
set_location_assignment PIN_32 -to sd_addr[2]
set_location_assignment PIN_6 -to sd_addr[1]
set_location_assignment PIN_4 -to sd_addr[0]
set_location_assignment PIN_39 -to sd_ba_0
set_location_assignment PIN_143 -to sd_ba_1
set_location_assignment PIN_50 -to sd_we_n
set_location_assignment PIN_43 -to sd_ras_n
set_location_assignment PIN_46 -to sd_cas_n
set_location_assignment PIN_76 -to sd_data[15]
set_location_assignment PIN_77 -to sd_data[14]
set_location_assignment PIN_72 -to sd_data[13]
set_location_assignment PIN_69 -to sd_data[12]
set_location_assignment PIN_67 -to sd_data[11]
set_location_assignment PIN_65 -to sd_data[10]
set_location_assignment PIN_60 -to sd_data[9]
set_location_assignment PIN_58 -to sd_data[8]
set_location_assignment PIN_59 -to sd_data[7]
set_location_assignment PIN_64 -to sd_data[6]
set_location_assignment PIN_66 -to sd_data[5]
set_location_assignment PIN_68 -to sd_data[4]
set_location_assignment PIN_71 -to sd_data[3]
set_location_assignment PIN_79 -to sd_data[2]
set_location_assignment PIN_80 -to sd_data[1]
set_location_assignment PIN_83 -to sd_data[0]
set_location_assignment PIN_51 -to sd_ldqm
set_location_assignment PIN_49 -to sd_udqm
set_location_assignment PIN_25 -to clk8
set_location_assignment PIN_142 -to nHSync
set_location_assignment PIN_141 -to nVSync
set_location_assignment PIN_87 -to mux_clk
set_location_assignment PIN_119 -to mux[0]
set_location_assignment PIN_115 -to mux[1]
set_location_assignment PIN_114 -to mux[2]
set_location_assignment PIN_113 -to mux[3]
set_location_assignment PIN_125 -to mux_d[0]
set_location_assignment PIN_121 -to mux_d[1]
set_location_assignment PIN_120 -to mux_d[2]
set_location_assignment PIN_132 -to mux_d[3]
set_location_assignment PIN_126 -to mux_q[0]
set_location_assignment PIN_127 -to mux_q[1]
set_location_assignment PIN_128 -to mux_q[2]
set_location_assignment PIN_129 -to mux_q[3]
set_location_assignment PIN_86 -to sigmaL
set_location_assignment PIN_85 -to sigmaR
set_location_assignment PIN_89 -to dotclock_n
set_location_assignment PIN_88 -to phi2_n
set_location_assignment PIN_91 -to romlh_n
set_location_assignment PIN_90 -to ioef_n
set_location_assignment PIN_13 -to spi_miso
set_location_assignment PIN_22 -to mmc_cd_n
set_location_assignment PIN_24 -to mmc_wp
set_location_assignment PIN_52 -to usart_tx
set_location_assignment PIN_53 -to usart_clk
set_location_assignment PIN_54 -to usart_rts
set_location_assignment PIN_55 -to usart_cts
set_location_assignment PIN_23 -to freeze_n




set_global_assignment -name MIN_CORE_JUNCTION_TEMP 0
set_global_assignment -name MAX_CORE_JUNCTION_TEMP 85
set_global_assignment -name NOMINAL_CORE_SUPPLY_VOLTAGE 1.2V
set_global_assignment -name PARTITION_NETLIST_TYPE SOURCE -section_id Top
set_global_assignment -name PARTITION_COLOR 16764057 -section_id Top
set_global_assignment -name LL_ROOT_REGION ON -section_id "Root Region"
set_global_assignment -name LL_MEMBER_STATE LOCKED -section_id "Root Region"
set_global_assignment -name USE_CONFIGURATION_DEVICE OFF
set_global_assignment -name CYCLONEII_RESERVE_NCEO_AFTER_CONFIGURATION "USE AS REGULAR IO"
set_global_assignment -name RESERVE_DATA0_AFTER_CONFIGURATION "USE AS REGULAR IO"
set_global_assignment -name RESERVE_DATA1_AFTER_CONFIGURATION "USE AS REGULAR IO"
set_global_assignment -name RESERVE_FLASH_NCE_AFTER_CONFIGURATION "USE AS REGULAR IO"
set_global_assignment -name RESERVE_DCLK_AFTER_CONFIGURATION "USE AS REGULAR IO"
set_global_assignment -name ALLOW_POWER_UP_DONT_CARE OFF
set_global_assignment -name SMART_RECOMPILE ON
set_global_assignment -name ENABLE_SIGNALTAP OFF
set_global_assignment -name USE_SIGNALTAP_FILE stp1.stp
set_global_assignment -name OPTIMIZE_HOLD_TIMING "ALL PATHS"
set_global_assignment -name OPTIMIZE_MULTI_CORNER_TIMING ON
set_global_assignment -name FITTER_EFFORT "STANDARD FIT"
set_global_assignment -name CYCLONEII_OPTIMIZATION_TECHNIQUE BALANCED
set_global_assignment -name GENERATE_RBF_FILE ON
set_global_assignment -name FORCE_CONFIGURATION_VCCIO ON
set_global_assignment -name VHDL_FILE ../Board/chameleon_cdtv_remote.vhd
set_global_assignment -name VHDL_FILE ../Board/palclk.vhd
set_global_assignment -name VHDL_FILE ../Board/cfide.vhd
set_global_assignment -name BDF_FILE ../Board/fampiga_top.bdf
set_global_assignment -name SOURCE_FILE ../Board/JBboot.cmp
set_global_assignment -name AHDL_FILE ../Board/JBboot.tdf
set_global_assignment -name VHDL_FILE ../Board/sdram.vhd
set_global_assignment -name VHDL_FILE ../Board/startram.vhd
set_global_assignment -name VHDL_FILE ../Board/TG68K.vhd
set_global_assignment -name VHDL_FILE ../Board/TG68K_ALU.vhd
set_global_assignment -name VHDL_FILE ../Board/TG68K_Pack.vhd
set_global_assignment -name VHDL_FILE ../Board/TG68KdotC_Kernel.vhd
set_global_assignment -name VERILOG_FILE ../minimig/Userio.v
set_global_assignment -name VERILOG_FILE ../minimig/ActionReplay3.v
set_global_assignment -name VERILOG_FILE ../minimig/Agnus.v
set_global_assignment -name VERILOG_FILE ../minimig/Amber.v
set_global_assignment -name VERILOG_FILE ../minimig/Audio.v
set_global_assignment -name VERILOG_FILE ../minimig/Beamcounter.v
set_global_assignment -name VERILOG_FILE ../minimig/Bitplanes.v
set_global_assignment -name VERILOG_FILE ../minimig/Blitter.v
set_global_assignment -name VERILOG_FILE ../minimig/BootRom.v
set_global_assignment -name VERILOG_FILE ../minimig/CIA8520.v
set_global_assignment -name VERILOG_FILE ../minimig/Clock.v
set_global_assignment -name VERILOG_FILE ../minimig/Copper.v
set_global_assignment -name VERILOG_FILE ../minimig/Denise.v
set_global_assignment -name VERILOG_FILE ../minimig/Floppy.v
set_global_assignment -name VERILOG_FILE ../minimig/Gary.v
set_global_assignment -name VERILOG_FILE ../minimig/Gayle.v
set_global_assignment -name VERILOG_FILE ../minimig/Minimig1.v
set_global_assignment -name VERILOG_FILE ../minimig/Paula.v
set_global_assignment -name VERILOG_FILE ../minimig/PS2Keyboard.v
set_global_assignment -name VERILOG_FILE ../minimig/Sprites.v
set_global_assignment -name SIGNALTAP_FILE stp1.stp
set_global_assignment -name VERILOG_FILE test.v
set_global_assignment -name MISC_FILE "D:/_chameleon/dockingstation/chameleon/fampiga_top.dpf"
set_global_assignment -name VHDL_FILE ../Board/chameleon_docking_station.vhd
set_global_assignment -name FMAX_REQUIREMENT "108 MHz"
set_global_assignment -name ENABLE_CLOCK_LATENCY ON
set_global_assignment -name PARTITION_FITTER_PRESERVATION_LEVEL PLACEMENT_AND_ROUTING -section_id Top
set_global_assignment -name EDA_SIMULATION_TOOL "ModelSim-Altera (VHDL)"
set_global_assignment -name EDA_OUTPUT_DATA_FORMAT VHDL -section_id eda_simulation
set_global_assignment -name PHYSICAL_SYNTHESIS_EFFORT EXTRA
set_global_assignment -name SYNTH_TIMING_DRIVEN_SYNTHESIS ON
set_global_assignment -name POWER_PRESET_COOLING_SOLUTION "23 MM HEAT SINK WITH 200 LFPM AIRFLOW"
set_global_assignment -name POWER_BOARD_THERMAL_MODEL "NONE (CONSERVATIVE)"
set_global_assignment -name SDC_FILE fAMpIGA.sdc
set_global_assignment -name PHYSICAL_SYNTHESIS_COMBO_LOGIC ON
set_global_assignment -name PHYSICAL_SYNTHESIS_REGISTER_RETIMING ON
set_global_assignment -name PHYSICAL_SYNTHESIS_REGISTER_DUPLICATION ON
set_instance_assignment -name PARTITION_HIERARCHY root_partition -to | -section_id Top